
Microsoft Visual Studio Solution File, Format Version 12.00
# Visual Studio Version 17
VisualStudioVersion = 17.6.33829.357
MinimumVisualStudioVersion = 10.0.40219.1
Project("{9A19103F-16F7-4668-BE54-9A1E7A4F7556}") = "SlotMachine", "SlotMachine\SlotMachine.csproj", "{C0FEAF04-2D7E-4F12-9785-5F312F2ADC2B}"
EndProject
Project("{FAE04EC0-301F-11D3-BF4B-00C04F79EFBC}") = "SlotMachineTests", "SlotMachineTests\SlotMachineTests.csproj", "{EA2B7D96-A142-4535-BFD4-785D7D3BD9CF}"
EndProject
Global
	GlobalSection(SolutionConfigurationPlatforms) = preSolution
		Debug|Any CPU = Debug|Any CPU
		Release|Any CPU = Release|Any CPU
	EndGlobalSection
	GlobalSection(ProjectConfigurationPlatforms) = postSolution
		{C0FEAF04-2D7E-4F12-9785-5F312F2ADC2B}.Debug|Any CPU.ActiveCfg = Debug|Any CPU
		{C0FEAF04-2D7E-4F12-9785-5F312F2ADC2B}.Debug|Any CPU.Build.0 = Debug|Any CPU
		{C0FEAF04-2D7E-4F12-9785-5F312F2ADC2B}.Release|Any CPU.ActiveCfg = Release|Any CPU
		{C0FEAF04-2D7E-4F12-9785-5F312F2ADC2B}.Release|Any CPU.Build.0 = Release|Any CPU
		{EA2B7D96-A142-4535-BFD4-785D7D3BD9CF}.Debug|Any CPU.ActiveCfg = Debug|Any CPU
		{EA2B7D96-A142-4535-BFD4-785D7D3BD9CF}.Debug|Any CPU.Build.0 = Debug|Any CPU
		{EA2B7D96-A142-4535-BFD4-785D7D3BD9CF}.Release|Any CPU.ActiveCfg = Release|Any CPU
		{EA2B7D96-A142-4535-BFD4-785D7D3BD9CF}.Release|Any CPU.Build.0 = Release|Any CPU
	EndGlobalSection
	GlobalSection(SolutionProperties) = preSolution
		HideSolutionNode = FALSE
	EndGlobalSection
	GlobalSection(ExtensibilityGlobals) = postSolution
		SolutionGuid = {774B3D2D-5FB7-44D4-97D5-26DC7CDE4547}
	EndGlobalSection
EndGlobal
